// !$*UTF8*$!
{
	archiveVersion = 1;
	classes = {
	};
	objectVersion = 46;
	objects = {

/* Begin PBXBuildFile section */
		893198851AA3BD6800B398CC /* AppDelegate.swift in Sources */ = {isa = PBXBuildFile; fileRef = 893198841AA3BD6800B398CC /* AppDelegate.swift */; };
		893198871AA3BD6800B398CC /* GameView.swift in Sources */ = {isa = PBXBuildFile; fileRef = 893198861AA3BD6800B398CC /* GameView.swift */; };
		893198891AA3BD6800B398CC /* GameViewController.swift in Sources */ = {isa = PBXBuildFile; fileRef = 893198881AA3BD6800B398CC /* GameViewController.swift */; };
		8931988D1AA3BD6800B398CC /* Images.xcassets in Resources */ = {isa = PBXBuildFile; fileRef = 8931988C1AA3BD6800B398CC /* Images.xcassets */; };
		893198901AA3BD6800B398CC /* MainMenu.xib in Resources */ = {isa = PBXBuildFile; fileRef = 8931988E1AA3BD6800B398CC /* MainMenu.xib */; };
		893198A71AA3C09400B398CC /* Nimble.framework in Frameworks */ = {isa = PBXBuildFile; fileRef = 893198A51AA3C09400B398CC /* Nimble.framework */; };
		893198A81AA3C09400B398CC /* Quick.framework in Frameworks */ = {isa = PBXBuildFile; fileRef = 893198A61AA3C09400B398CC /* Quick.framework */; };
		893198AA1AA3C16500B398CC /* LandScapeSpec.swift in Sources */ = {isa = PBXBuildFile; fileRef = 893198A91AA3C16500B398CC /* LandScapeSpec.swift */; };
		893198AC1AA3C1AD00B398CC /* LandScape.swift in Sources */ = {isa = PBXBuildFile; fileRef = 893198AB1AA3C1AD00B398CC /* LandScape.swift */; };
		893198AD1AA3C2C100B398CC /* LandScape.swift in Sources */ = {isa = PBXBuildFile; fileRef = 893198AB1AA3C1AD00B398CC /* LandScape.swift */; };
		893198AE1AA3C2C500B398CC /* GameViewController.swift in Sources */ = {isa = PBXBuildFile; fileRef = 893198881AA3BD6800B398CC /* GameViewController.swift */; };
		893198AF1AA3C2C800B398CC /* GameView.swift in Sources */ = {isa = PBXBuildFile; fileRef = 893198861AA3BD6800B398CC /* GameView.swift */; };
		893198B11AA3D69D00B398CC /* Nimble.framework in Copy Frameworks */ = {isa = PBXBuildFile; fileRef = 893198A51AA3C09400B398CC /* Nimble.framework */; settings = {ATTRIBUTES = (CodeSignOnCopy, RemoveHeadersOnCopy, ); }; };
		893198B21AA3D69D00B398CC /* Quick.framework in Copy Frameworks */ = {isa = PBXBuildFile; fileRef = 893198A61AA3C09400B398CC /* Quick.framework */; settings = {ATTRIBUTES = (CodeSignOnCopy, RemoveHeadersOnCopy, ); }; };
		893198B41AA3DEFA00B398CC /* Nimble.framework in Copy Frameworks */ = {isa = PBXBuildFile; fileRef = 893198A51AA3C09400B398CC /* Nimble.framework */; settings = {ATTRIBUTES = (CodeSignOnCopy, RemoveHeadersOnCopy, ); }; };
		893198B51AA3DEFA00B398CC /* Quick.framework in Copy Frameworks */ = {isa = PBXBuildFile; fileRef = 893198A61AA3C09400B398CC /* Quick.framework */; settings = {ATTRIBUTES = (CodeSignOnCopy, RemoveHeadersOnCopy, ); }; };
		896CD03F1AA43048004CBBB1 /* Character.swift in Sources */ = {isa = PBXBuildFile; fileRef = 896CD03E1AA43048004CBBB1 /* Character.swift */; };
		896CD0401AA43054004CBBB1 /* Character.swift in Sources */ = {isa = PBXBuildFile; fileRef = 896CD03E1AA43048004CBBB1 /* Character.swift */; };
		896CD0421AA430E2004CBBB1 /* CharacterSpec.swift in Sources */ = {isa = PBXBuildFile; fileRef = 896CD0411AA430E2004CBBB1 /* CharacterSpec.swift */; };
/* End PBXBuildFile section */

/* Begin PBXContainerItemProxy section */
		893198961AA3BD6800B398CC /* PBXContainerItemProxy */ = {
			isa = PBXContainerItemProxy;
			containerPortal = 893198771AA3BD6800B398CC /* Project object */;
			proxyType = 1;
			remoteGlobalIDString = 8931987E1AA3BD6800B398CC;
			remoteInfo = "Swift-Crossing";
		};
/* End PBXContainerItemProxy section */

/* Begin PBXCopyFilesBuildPhase section */
		893198B01AA3D68200B398CC /* Copy Frameworks */ = {
			isa = PBXCopyFilesBuildPhase;
			buildActionMask = 2147483647;
			dstPath = "";
			dstSubfolderSpec = 10;
			files = (
				893198B11AA3D69D00B398CC /* Nimble.framework in Copy Frameworks */,
				893198B21AA3D69D00B398CC /* Quick.framework in Copy Frameworks */,
			);
			name = "Copy Frameworks";
			runOnlyForDeploymentPostprocessing = 0;
		};
		893198B31AA3DEEC00B398CC /* Copy Frameworks */ = {
			isa = PBXCopyFilesBuildPhase;
			buildActionMask = 2147483647;
			dstPath = "";
			dstSubfolderSpec = 10;
			files = (
				893198B41AA3DEFA00B398CC /* Nimble.framework in Copy Frameworks */,
				893198B51AA3DEFA00B398CC /* Quick.framework in Copy Frameworks */,
			);
			name = "Copy Frameworks";
			runOnlyForDeploymentPostprocessing = 0;
		};
/* End PBXCopyFilesBuildPhase section */

/* Begin PBXFileReference section */
		8931987F1AA3BD6800B398CC /* Swift-Crossing.app */ = {isa = PBXFileReference; explicitFileType = wrapper.application; includeInIndex = 0; path = "Swift-Crossing.app"; sourceTree = BUILT_PRODUCTS_DIR; };
		893198831AA3BD6800B398CC /* Info.plist */ = {isa = PBXFileReference; lastKnownFileType = text.plist.xml; path = Info.plist; sourceTree = "<group>"; };
		893198841AA3BD6800B398CC /* AppDelegate.swift */ = {isa = PBXFileReference; lastKnownFileType = sourcecode.swift; path = AppDelegate.swift; sourceTree = "<group>"; };
		893198861AA3BD6800B398CC /* GameView.swift */ = {isa = PBXFileReference; lastKnownFileType = sourcecode.swift; path = GameView.swift; sourceTree = "<group>"; };
		893198881AA3BD6800B398CC /* GameViewController.swift */ = {isa = PBXFileReference; lastKnownFileType = sourcecode.swift; path = GameViewController.swift; sourceTree = "<group>"; };
		8931988C1AA3BD6800B398CC /* Images.xcassets */ = {isa = PBXFileReference; lastKnownFileType = folder.assetcatalog; path = Images.xcassets; sourceTree = "<group>"; };
		8931988F1AA3BD6800B398CC /* Base */ = {isa = PBXFileReference; lastKnownFileType = file.xib; name = Base; path = Base.lproj/MainMenu.xib; sourceTree = "<group>"; };
		893198951AA3BD6800B398CC /* Swift-CrossingTests.xctest */ = {isa = PBXFileReference; explicitFileType = wrapper.cfbundle; includeInIndex = 0; path = "Swift-CrossingTests.xctest"; sourceTree = BUILT_PRODUCTS_DIR; };
		8931989A1AA3BD6800B398CC /* Info.plist */ = {isa = PBXFileReference; lastKnownFileType = text.plist.xml; path = Info.plist; sourceTree = "<group>"; };
		893198A51AA3C09400B398CC /* Nimble.framework */ = {isa = PBXFileReference; lastKnownFileType = wrapper.framework; name = Nimble.framework; path = Carthage/Build/Mac/Nimble.framework; sourceTree = SOURCE_ROOT; };
		893198A61AA3C09400B398CC /* Quick.framework */ = {isa = PBXFileReference; lastKnownFileType = wrapper.framework; name = Quick.framework; path = Carthage/Build/Mac/Quick.framework; sourceTree = SOURCE_ROOT; };
		893198A91AA3C16500B398CC /* LandScapeSpec.swift */ = {isa = PBXFileReference; fileEncoding = 4; lastKnownFileType = sourcecode.swift; path = LandScapeSpec.swift; sourceTree = "<group>"; };
		893198AB1AA3C1AD00B398CC /* LandScape.swift */ = {isa = PBXFileReference; fileEncoding = 4; lastKnownFileType = sourcecode.swift; path = LandScape.swift; sourceTree = "<group>"; };
		896CD03E1AA43048004CBBB1 /* Character.swift */ = {isa = PBXFileReference; fileEncoding = 4; lastKnownFileType = sourcecode.swift; path = Character.swift; sourceTree = "<group>"; };
		896CD0411AA430E2004CBBB1 /* CharacterSpec.swift */ = {isa = PBXFileReference; fileEncoding = 4; lastKnownFileType = sourcecode.swift; path = CharacterSpec.swift; sourceTree = "<group>"; };
/* End PBXFileReference section */

/* Begin PBXFrameworksBuildPhase section */
		8931987C1AA3BD6800B398CC /* Frameworks */ = {
			isa = PBXFrameworksBuildPhase;
			buildActionMask = 2147483647;
			files = (
			);
			runOnlyForDeploymentPostprocessing = 0;
		};
		893198921AA3BD6800B398CC /* Frameworks */ = {
			isa = PBXFrameworksBuildPhase;
			buildActionMask = 2147483647;
			files = (
				893198A81AA3C09400B398CC /* Quick.framework in Frameworks */,
				893198A71AA3C09400B398CC /* Nimble.framework in Frameworks */,
			);
			runOnlyForDeploymentPostprocessing = 0;
		};
/* End PBXFrameworksBuildPhase section */

/* Begin PBXGroup section */
		893198761AA3BD6800B398CC = {
			isa = PBXGroup;
			children = (
				893198811AA3BD6800B398CC /* Swift-Crossing */,
				893198981AA3BD6800B398CC /* Swift-CrossingTests */,
				893198801AA3BD6800B398CC /* Products */,
			);
			sourceTree = "<group>";
		};
		893198801AA3BD6800B398CC /* Products */ = {
			isa = PBXGroup;
			children = (
				8931987F1AA3BD6800B398CC /* Swift-Crossing.app */,
				893198951AA3BD6800B398CC /* Swift-CrossingTests.xctest */,
			);
			name = Products;
			sourceTree = "<group>";
		};
		893198811AA3BD6800B398CC /* Swift-Crossing */ = {
			isa = PBXGroup;
			children = (
				893198841AA3BD6800B398CC /* AppDelegate.swift */,
				893198861AA3BD6800B398CC /* GameView.swift */,
				893198881AA3BD6800B398CC /* GameViewController.swift */,
				893198AB1AA3C1AD00B398CC /* LandScape.swift */,
				896CD03E1AA43048004CBBB1 /* Character.swift */,
				8931988C1AA3BD6800B398CC /* Images.xcassets */,
				8931988E1AA3BD6800B398CC /* MainMenu.xib */,
				893198821AA3BD6800B398CC /* Supporting Files */,
			);
			path = "Swift-Crossing";
			sourceTree = "<group>";
		};
		893198821AA3BD6800B398CC /* Supporting Files */ = {
			isa = PBXGroup;
			children = (
				893198831AA3BD6800B398CC /* Info.plist */,
			);
			name = "Supporting Files";
			sourceTree = "<group>";
		};
		893198981AA3BD6800B398CC /* Swift-CrossingTests */ = {
			isa = PBXGroup;
			children = (
				893198A91AA3C16500B398CC /* LandScapeSpec.swift */,
				896CD0411AA430E2004CBBB1 /* CharacterSpec.swift */,
				893198A51AA3C09400B398CC /* Nimble.framework */,
				893198A61AA3C09400B398CC /* Quick.framework */,
				893198991AA3BD6800B398CC /* Supporting Files */,
			);
			path = "Swift-CrossingTests";
			sourceTree = "<group>";
		};
		893198991AA3BD6800B398CC /* Supporting Files */ = {
			isa = PBXGroup;
			children = (
				8931989A1AA3BD6800B398CC /* Info.plist */,
			);
			name = "Supporting Files";
			sourceTree = "<group>";
		};
/* End PBXGroup section */

/* Begin PBXNativeTarget section */
		8931987E1AA3BD6800B398CC /* Swift-Crossing */ = {
			isa = PBXNativeTarget;
			buildConfigurationList = 8931989F1AA3BD6800B398CC /* Build configuration list for PBXNativeTarget "Swift-Crossing" */;
			buildPhases = (
				8931987B1AA3BD6800B398CC /* Sources */,
				8931987C1AA3BD6800B398CC /* Frameworks */,
				8931987D1AA3BD6800B398CC /* Resources */,
			);
			buildRules = (
			);
			dependencies = (
			);
			name = "Swift-Crossing";
			productName = "Swift-Crossing";
			productReference = 8931987F1AA3BD6800B398CC /* Swift-Crossing.app */;
			productType = "com.apple.product-type.application";
		};
		893198941AA3BD6800B398CC /* Swift-CrossingTests */ = {
			isa = PBXNativeTarget;
			buildConfigurationList = 893198A21AA3BD6800B398CC /* Build configuration list for PBXNativeTarget "Swift-CrossingTests" */;
			buildPhases = (
				893198911AA3BD6800B398CC /* Sources */,
				893198921AA3BD6800B398CC /* Frameworks */,
				893198931AA3BD6800B398CC /* Resources */,
				893198B01AA3D68200B398CC /* Copy Frameworks */,
				893198B31AA3DEEC00B398CC /* Copy Frameworks */,
			);
			buildRules = (
			);
			dependencies = (
				893198971AA3BD6800B398CC /* PBXTargetDependency */,
			);
			name = "Swift-CrossingTests";
			productName = "Swift-CrossingTests";
			productReference = 893198951AA3BD6800B398CC /* Swift-CrossingTests.xctest */;
			productType = "com.apple.product-type.bundle.unit-test";
		};
/* End PBXNativeTarget section */

/* Begin PBXProject section */
		893198771AA3BD6800B398CC /* Project object */ = {
			isa = PBXProject;
			attributes = {
				LastUpgradeCheck = 0610;
				ORGANIZATIONNAME = "Rachel Brindle";
				TargetAttributes = {
					8931987E1AA3BD6800B398CC = {
						CreatedOnToolsVersion = 6.1.1;
					};
					893198941AA3BD6800B398CC = {
						CreatedOnToolsVersion = 6.1.1;
						TestTargetID = 8931987E1AA3BD6800B398CC;
					};
				};
			};
			buildConfigurationList = 8931987A1AA3BD6800B398CC /* Build configuration list for PBXProject "Swift-Crossing" */;
			compatibilityVersion = "Xcode 3.2";
			developmentRegion = English;
			hasScannedForEncodings = 0;
			knownRegions = (
				en,
				Base,
			);
			mainGroup = 893198761AA3BD6800B398CC;
			productRefGroup = 893198801AA3BD6800B398CC /* Products */;
			projectDirPath = "";
			projectRoot = "";
			targets = (
				8931987E1AA3BD6800B398CC /* Swift-Crossing */,
				893198941AA3BD6800B398CC /* Swift-CrossingTests */,
			);
		};
/* End PBXProject section */

/* Begin PBXResourcesBuildPhase section */
		8931987D1AA3BD6800B398CC /* Resources */ = {
			isa = PBXResourcesBuildPhase;
			buildActionMask = 2147483647;
			files = (
				8931988D1AA3BD6800B398CC /* Images.xcassets in Resources */,
				893198901AA3BD6800B398CC /* MainMenu.xib in Resources */,
			);
			runOnlyForDeploymentPostprocessing = 0;
		};
		893198931AA3BD6800B398CC /* Resources */ = {
			isa = PBXResourcesBuildPhase;
			buildActionMask = 2147483647;
			files = (
			);
			runOnlyForDeploymentPostprocessing = 0;
		};
/* End PBXResourcesBuildPhase section */

/* Begin PBXSourcesBuildPhase section */
		8931987B1AA3BD6800B398CC /* Sources */ = {
			isa = PBXSourcesBuildPhase;
			buildActionMask = 2147483647;
			files = (
				893198871AA3BD6800B398CC /* GameView.swift in Sources */,
				893198AC1AA3C1AD00B398CC /* LandScape.swift in Sources */,
				896CD03F1AA43048004CBBB1 /* Character.swift in Sources */,
				893198891AA3BD6800B398CC /* GameViewController.swift in Sources */,
				893198851AA3BD6800B398CC /* AppDelegate.swift in Sources */,
			);
			runOnlyForDeploymentPostprocessing = 0;
		};
		893198911AA3BD6800B398CC /* Sources */ = {
			isa = PBXSourcesBuildPhase;
			buildActionMask = 2147483647;
			files = (
				893198AE1AA3C2C500B398CC /* GameViewController.swift in Sources */,
				893198AD1AA3C2C100B398CC /* LandScape.swift in Sources */,
				896CD0401AA43054004CBBB1 /* Character.swift in Sources */,
				893198AA1AA3C16500B398CC /* LandScapeSpec.swift in Sources */,
				896CD0421AA430E2004CBBB1 /* CharacterSpec.swift in Sources */,
				893198AF1AA3C2C800B398CC /* GameView.swift in Sources */,
			);
			runOnlyForDeploymentPostprocessing = 0;
		};
/* End PBXSourcesBuildPhase section */

/* Begin PBXTargetDependency section */
		893198971AA3BD6800B398CC /* PBXTargetDependency */ = {
			isa = PBXTargetDependency;
			target = 8931987E1AA3BD6800B398CC /* Swift-Crossing */;
			targetProxy = 893198961AA3BD6800B398CC /* PBXContainerItemProxy */;
		};
/* End PBXTargetDependency section */

/* Begin PBXVariantGroup section */
		8931988E1AA3BD6800B398CC /* MainMenu.xib */ = {
			isa = PBXVariantGroup;
			children = (
				8931988F1AA3BD6800B398CC /* Base */,
			);
			name = MainMenu.xib;
			sourceTree = "<group>";
		};
/* End PBXVariantGroup section */

/* Begin XCBuildConfiguration section */
		8931989D1AA3BD6800B398CC /* Debug */ = {
			isa = XCBuildConfiguration;
			buildSettings = {
				ALWAYS_SEARCH_USER_PATHS = NO;
				CLANG_CXX_LANGUAGE_STANDARD = "gnu++0x";
				CLANG_CXX_LIBRARY = "libc++";
				CLANG_ENABLE_MODULES = YES;
				CLANG_ENABLE_OBJC_ARC = YES;
				CLANG_WARN_BOOL_CONVERSION = YES;
				CLANG_WARN_CONSTANT_CONVERSION = YES;
				CLANG_WARN_DIRECT_OBJC_ISA_USAGE = YES_ERROR;
				CLANG_WARN_EMPTY_BODY = YES;
				CLANG_WARN_ENUM_CONVERSION = YES;
				CLANG_WARN_INT_CONVERSION = YES;
				CLANG_WARN_OBJC_ROOT_CLASS = YES_ERROR;
				CLANG_WARN_UNREACHABLE_CODE = YES;
				CLANG_WARN__DUPLICATE_METHOD_MATCH = YES;
				CODE_SIGN_IDENTITY = "-";
				COPY_PHASE_STRIP = NO;
				ENABLE_STRICT_OBJC_MSGSEND = YES;
				GCC_C_LANGUAGE_STANDARD = gnu99;
				GCC_DYNAMIC_NO_PIC = NO;
				GCC_OPTIMIZATION_LEVEL = 0;
				GCC_PREPROCESSOR_DEFINITIONS = (
					"DEBUG=1",
					"$(inherited)",
				);
				GCC_SYMBOLS_PRIVATE_EXTERN = NO;
				GCC_WARN_64_TO_32_BIT_CONVERSION = YES;
				GCC_WARN_ABOUT_RETURN_TYPE = YES_ERROR;
				GCC_WARN_UNDECLARED_SELECTOR = YES;
				GCC_WARN_UNINITIALIZED_AUTOS = YES_AGGRESSIVE;
				GCC_WARN_UNUSED_FUNCTION = YES;
				GCC_WARN_UNUSED_VARIABLE = YES;
				MACOSX_DEPLOYMENT_TARGET = 10.10;
				MTL_ENABLE_DEBUG_INFO = YES;
				ONLY_ACTIVE_ARCH = YES;
				SDKROOT = macosx;
				SWIFT_OPTIMIZATION_LEVEL = "-Onone";
			};
			name = Debug;
		};
		8931989E1AA3BD6800B398CC /* Release */ = {
			isa = XCBuildConfiguration;
			buildSettings = {
				ALWAYS_SEARCH_USER_PATHS = NO;
				CLANG_CXX_LANGUAGE_STANDARD = "gnu++0x";
				CLANG_CXX_LIBRARY = "libc++";
				CLANG_ENABLE_MODULES = YES;
				CLANG_ENABLE_OBJC_ARC = YES;
				CLANG_WARN_BOOL_CONVERSION = YES;
				CLANG_WARN_CONSTANT_CONVERSION = YES;
				CLANG_WARN_DIRECT_OBJC_ISA_USAGE = YES_ERROR;
				CLANG_WARN_EMPTY_BODY = YES;
				CLANG_WARN_ENUM_CONVERSION = YES;
				CLANG_WARN_INT_CONVERSION = YES;
				CLANG_WARN_OBJC_ROOT_CLASS = YES_ERROR;
				CLANG_WARN_UNREACHABLE_CODE = YES;
				CLANG_WARN__DUPLICATE_METHOD_MATCH = YES;
				CODE_SIGN_IDENTITY = "-";
				COPY_PHASE_STRIP = YES;
				DEBUG_INFORMATION_FORMAT = "dwarf-with-dsym";
				ENABLE_NS_ASSERTIONS = NO;
				ENABLE_STRICT_OBJC_MSGSEND = YES;
				GCC_C_LANGUAGE_STANDARD = gnu99;
				GCC_WARN_64_TO_32_BIT_CONVERSION = YES;
				GCC_WARN_ABOUT_RETURN_TYPE = YES_ERROR;
				GCC_WARN_UNDECLARED_SELECTOR = YES;
				GCC_WARN_UNINITIALIZED_AUTOS = YES_AGGRESSIVE;
				GCC_WARN_UNUSED_FUNCTION = YES;
				GCC_WARN_UNUSED_VARIABLE = YES;
				MACOSX_DEPLOYMENT_TARGET = 10.10;
				MTL_ENABLE_DEBUG_INFO = NO;
				SDKROOT = macosx;
			};
			name = Release;
		};
		893198A01AA3BD6800B398CC /* Debug */ = {
			isa = XCBuildConfiguration;
			buildSettings = {
				ASSETCATALOG_COMPILER_APPICON_NAME = AppIcon;
				COMBINE_HIDPI_IMAGES = YES;
				INFOPLIST_FILE = "Swift-Crossing/Info.plist";
				LD_RUNPATH_SEARCH_PATHS = "$(inherited) @executable_path/../Frameworks";
				PRODUCT_NAME = "$(TARGET_NAME)";
			};
			name = Debug;
		};
		893198A11AA3BD6800B398CC /* Release */ = {
			isa = XCBuildConfiguration;
			buildSettings = {
				ASSETCATALOG_COMPILER_APPICON_NAME = AppIcon;
				COMBINE_HIDPI_IMAGES = YES;
				INFOPLIST_FILE = "Swift-Crossing/Info.plist";
				LD_RUNPATH_SEARCH_PATHS = "$(inherited) @executable_path/../Frameworks";
				PRODUCT_NAME = "$(TARGET_NAME)";
			};
			name = Release;
		};
		893198A31AA3BD6800B398CC /* Debug */ = {
			isa = XCBuildConfiguration;
			buildSettings = {
				ALWAYS_SEARCH_USER_PATHS = YES;
				BUNDLE_LOADER = "$(TEST_HOST)";
				COMBINE_HIDPI_IMAGES = YES;
				EXCLUDED_RECURSIVE_SEARCH_PATH_SUBDIRECTORIES = "*.nib *.lproj *.gch *.xcode* (*) .DS_Store CVS .svn .git .hg *.framework";
				FRAMEWORK_SEARCH_PATHS = (
					"$(DEVELOPER_FRAMEWORKS_DIR)",
					"$(inherited)",
					"$(PROJECT_DIR)/Carthage/Build/Mac/**",
				);
				GCC_PREPROCESSOR_DEFINITIONS = (
					"DEBUG=1",
					"$(inherited)",
				);
				HEADER_SEARCH_PATHS = (
					"$(inherited)",
					/Applications/Xcode.app/Contents/Developer/Toolchains/XcodeDefault.xctoolchain/usr/include,
				);
				INFOPLIST_FILE = "Swift-CrossingTests/Info.plist";
				LD_RUNPATH_SEARCH_PATHS = "$(inherited) @executable_path/../Frameworks @loader_path/../Frameworks";
				PRODUCT_NAME = "$(TARGET_NAME)";
				TEST_HOST = "$(BUILT_PRODUCTS_DIR)/Swift-Crossing.app/Contents/MacOS/Swift-Crossing";
				USER_HEADER_SEARCH_PATHS = "$(PROJECT_DIR)/Carthage/Build/Mac/**";
			};
			name = Debug;
		};
		893198A41AA3BD6800B398CC /* Release */ = {
			isa = XCBuildConfiguration;
			buildSettings = {
				ALWAYS_SEARCH_USER_PATHS = YES;
				BUNDLE_LOADER = "$(TEST_HOST)";
				COMBINE_HIDPI_IMAGES = YES;
				EXCLUDED_RECURSIVE_SEARCH_PATH_SUBDIRECTORIES = "*.nib *.lproj *.gch *.xcode* (*) .DS_Store CVS .svn .git .hg *.framework";
				FRAMEWORK_SEARCH_PATHS = (
					"$(DEVELOPER_FRAMEWORKS_DIR)",
					"$(inherited)",
					"$(PROJECT_DIR)/Carthage/Build/Mac/**",
				);
				HEADER_SEARCH_PATHS = (
					"$(inherited)",
					/Applications/Xcode.app/Contents/Developer/Toolchains/XcodeDefault.xctoolchain/usr/include,
				);
				INFOPLIST_FILE = "Swift-CrossingTests/Info.plist";
				LD_RUNPATH_SEARCH_PATHS = "$(inherited) @executable_path/../Frameworks @loader_path/../Frameworks";
				PRODUCT_NAME = "$(TARGET_NAME)";
				TEST_HOST = "$(BUILT_PRODUCTS_DIR)/Swift-Crossing.app/Contents/MacOS/Swift-Crossing";
				USER_HEADER_SEARCH_PATHS = "$(PROJECT_DIR)/Carthage/Build/Mac/**";
			};
			name = Release;
		};
/* End XCBuildConfiguration section */

/* Begin XCConfigurationList section */
		8931987A1AA3BD6800B398CC /* Build configuration list for PBXProject "Swift-Crossing" */ = {
			isa = XCConfigurationList;
			buildConfigurations = (
				8931989D1AA3BD6800B398CC /* Debug */,
				8931989E1AA3BD6800B398CC /* Release */,
			);
			defaultConfigurationIsVisible = 0;
			defaultConfigurationName = Release;
		};
		8931989F1AA3BD6800B398CC /* Build configuration list for PBXNativeTarget "Swift-Crossing" */ = {
			isa = XCConfigurationList;
			buildConfigurations = (
				893198A01AA3BD6800B398CC /* Debug */,
				893198A11AA3BD6800B398CC /* Release */,
			);
			defaultConfigurationIsVisible = 0;
			defaultConfigurationName = Release;
		};
		893198A21AA3BD6800B398CC /* Build configuration list for PBXNativeTarget "Swift-CrossingTests" */ = {
			isa = XCConfigurationList;
			buildConfigurations = (
				893198A31AA3BD6800B398CC /* Debug */,
				893198A41AA3BD6800B398CC /* Release */,
			);
			defaultConfigurationIsVisible = 0;
			defaultConfigurationName = Release;
		};
/* End XCConfigurationList section */
	};
	rootObject = 893198771AA3BD6800B398CC /* Project object */;
}
